
Microsoft Visual Studio Solution File, Format Version 12.00
# Visual Studio 15
VisualStudioVersion = 15.0.27703.2035
MinimumVisualStudioVersion = 10.0.40219.1
Project("{FAE04EC0-301F-11D3-BF4B-00C04F79EFBC}") = "WcfService3", "WcfService3\WcfService3.csproj", "{473151B4-4B49-4E4E-9A42-833B4F2C7C9D}"
EndProject
Project("{FAE04EC0-301F-11D3-BF4B-00C04F79EFBC}") = "Client", "Client\Client.csproj", "{3E5988B7-56FA-4925-97CD-56F4C4EEB080}"
	ProjectSection(ProjectDependencies) = postProject
		{473151B4-4B49-4E4E-9A42-833B4F2C7C9D} = {473151B4-4B49-4E4E-9A42-833B4F2C7C9D}
	EndProjectSection
EndProject
Global
	GlobalSection(SolutionConfigurationPlatforms) = preSolution
		Debug|Any CPU = Debug|Any CPU
		Release|Any CPU = Release|Any CPU
	EndGlobalSection
	GlobalSection(ProjectConfigurationPlatforms) = postSolution
		{473151B4-4B49-4E4E-9A42-833B4F2C7C9D}.Debug|Any CPU.ActiveCfg = Debug|Any CPU
		{473151B4-4B49-4E4E-9A42-833B4F2C7C9D}.Debug|Any CPU.Build.0 = Debug|Any CPU
		{473151B4-4B49-4E4E-9A42-833B4F2C7C9D}.Release|Any CPU.ActiveCfg = Release|Any CPU
		{473151B4-4B49-4E4E-9A42-833B4F2C7C9D}.Release|Any CPU.Build.0 = Release|Any CPU
		{3E5988B7-56FA-4925-97CD-56F4C4EEB080}.Debug|Any CPU.ActiveCfg = Debug|Any CPU
		{3E5988B7-56FA-4925-97CD-56F4C4EEB080}.Debug|Any CPU.Build.0 = Debug|Any CPU
		{3E5988B7-56FA-4925-97CD-56F4C4EEB080}.Release|Any CPU.ActiveCfg = Release|Any CPU
		{3E5988B7-56FA-4925-97CD-56F4C4EEB080}.Release|Any CPU.Build.0 = Release|Any CPU
	EndGlobalSection
	GlobalSection(SolutionProperties) = preSolution
		HideSolutionNode = FALSE
	EndGlobalSection
	GlobalSection(ExtensibilityGlobals) = postSolution
		SolutionGuid = {EDBB932F-6B32-4A72-8CE8-06F69305DBEE}
	EndGlobalSection
EndGlobal
